Microsoft Visual Studio Solution File, Format Version 12.00
# Visual Studio Version 17
VisualStudioVersion = 17.5.2.0
MinimumVisualStudioVersion = 10.0.40219.1
Project("{FAE04EC0-301F-11D3-BF4B-00C04F79EFBC}") = "MyHashTableAlgorithms", "MyHashTableAlgorithms.csproj", "{FB1917CA-6AED-2812-7521-EE1A69EFB546}"
EndProject
Global
	GlobalSection(SolutionConfigurationPlatforms) = preSolution
		Debug|Any CPU = Debug|Any CPU
		Release|Any CPU = Release|Any CPU
	EndGlobalSection
	GlobalSection(ProjectConfigurationPlatforms) = postSolution
		{FB1917CA-6AED-2812-7521-EE1A69EFB546}.Debug|Any CPU.ActiveCfg = Debug|Any CPU
		{FB1917CA-6AED-2812-7521-EE1A69EFB546}.Debug|Any CPU.Build.0 = Debug|Any CPU
		{FB1917CA-6AED-2812-7521-EE1A69EFB546}.Release|Any CPU.ActiveCfg = Release|Any CPU
		{FB1917CA-6AED-2812-7521-EE1A69EFB546}.Release|Any CPU.Build.0 = Release|Any CPU
	EndGlobalSection
	GlobalSection(SolutionProperties) = preSolution
		HideSolutionNode = FALSE
	EndGlobalSection
	GlobalSection(ExtensibilityGlobals) = postSolution
		SolutionGuid = {F38DDA9D-F21C-43C3-9B26-3AE5CB4C082D}
	EndGlobalSection
EndGlobal
